
Microsoft Visual Studio Solution File, Format Version 12.00
# Visual Studio Version 16
VisualStudioVersion = 16.0.30413.136
MinimumVisualStudioVersion = 10.0.40219.1
Project("{FAE04EC0-301F-11D3-BF4B-00C04F79EFBC}") = "Vista", "Vista\Vista.csproj", "{06AF1D05-1F4C-4E4C-9A1C-4A171CB34752}"
EndProject
Project("{FAE04EC0-301F-11D3-BF4B-00C04F79EFBC}") = "Modelo", "Modelo\Modelo.csproj", "{072FA52E-E3AE-427E-8755-A2EDCB529638}"
EndProject
Project("{FAE04EC0-301F-11D3-BF4B-00C04F79EFBC}") = "Controlador", "Controlador\Controlador.csproj", "{43AD023C-DA8C-415E-8318-5310DF4ED16B}"
EndProject
Global
	GlobalSection(SolutionConfigurationPlatforms) = preSolution
		Debug|Any CPU = Debug|Any CPU
		Release|Any CPU = Release|Any CPU
	EndGlobalSection
	GlobalSection(ProjectConfigurationPlatforms) = postSolution
		{06AF1D05-1F4C-4E4C-9A1C-4A171CB34752}.Debug|Any CPU.ActiveCfg = Debug|Any CPU
		{06AF1D05-1F4C-4E4C-9A1C-4A171CB34752}.Debug|Any CPU.Build.0 = Debug|Any CPU
		{06AF1D05-1F4C-4E4C-9A1C-4A171CB34752}.Release|Any CPU.ActiveCfg = Release|Any CPU
		{06AF1D05-1F4C-4E4C-9A1C-4A171CB34752}.Release|Any CPU.Build.0 = Release|Any CPU
		{072FA52E-E3AE-427E-8755-A2EDCB529638}.Debug|Any CPU.ActiveCfg = Debug|Any CPU
		{072FA52E-E3AE-427E-8755-A2EDCB529638}.Debug|Any CPU.Build.0 = Debug|Any CPU
		{072FA52E-E3AE-427E-8755-A2EDCB529638}.Release|Any CPU.ActiveCfg = Release|Any CPU
		{072FA52E-E3AE-427E-8755-A2EDCB529638}.Release|Any CPU.Build.0 = Release|Any CPU
		{43AD023C-DA8C-415E-8318-5310DF4ED16B}.Debug|Any CPU.ActiveCfg = Debug|Any CPU
		{43AD023C-DA8C-415E-8318-5310DF4ED16B}.Debug|Any CPU.Build.0 = Debug|Any CPU
		{43AD023C-DA8C-415E-8318-5310DF4ED16B}.Release|Any CPU.ActiveCfg = Release|Any CPU
		{43AD023C-DA8C-415E-8318-5310DF4ED16B}.Release|Any CPU.Build.0 = Release|Any CPU
	EndGlobalSection
	GlobalSection(SolutionProperties) = preSolution
		HideSolutionNode = FALSE
	EndGlobalSection
	GlobalSection(ExtensibilityGlobals) = postSolution
		SolutionGuid = {E5567943-85FB-41C2-B931-E7E8E078C31E}
	EndGlobalSection
EndGlobal
